{
  "name": "async-landing",
  "version": "1.0.0",
  "lockfileVersion": 3,
  "requires": true,
  "packages": {
    "": {
      "name": "async-landing",
      "version": "1.0.0",
      "license": "ISC",
      "dependencies": {
        "iconoir": "^7.1.0"
      }
    },
    "node_modules/iconoir": {
      "version": "7.1.0",
      "resolved": "https://registry.npmjs.org/iconoir/-/iconoir-7.1.0.tgz",
      "integrity": "sha512-sN43cVYNdyQzGL3svC1tUM0di/NAIwQmkd+teY47EzsE/+axF64qMwNy0YlQF9ggbiELXqcS9JsupJjzplGEKA==",
      "funding": {
        "type": "opencollective",
        "url": "https://opencollective.com/iconoir"
      }
    }
  }
}
